
Microsoft Visual Studio Solution File, Format Version 12.00
# Visual Studio Version 17
VisualStudioVersion = 17.0.31919.166
MinimumVisualStudioVersion = 10.0.40219.1
Project("{FAE04EC0-301F-11D3-BF4B-00C04F79EFBC}") = "StringBuilder", "StringBuilder.csproj", "{A123CF43-7BAB-491C-B658-2BBB0E57438F}"
EndProject
Global
	GlobalSection(SolutionConfigurationPlatforms) = preSolution
		Debug|Any CPU = Debug|Any CPU
		Release|Any CPU = Release|Any CPU
	EndGlobalSection
	GlobalSection(ProjectConfigurationPlatforms) = postSolution
		{A123CF43-7BAB-491C-B658-2BBB0E57438F}.Debug|Any CPU.ActiveCfg = Debug|Any CPU
		{A123CF43-7BAB-491C-B658-2BBB0E57438F}.Debug|Any CPU.Build.0 = Debug|Any CPU
		{A123CF43-7BAB-491C-B658-2BBB0E57438F}.Release|Any CPU.ActiveCfg = Release|Any CPU
		{A123CF43-7BAB-491C-B658-2BBB0E57438F}.Release|Any CPU.Build.0 = Release|Any CPU
	EndGlobalSection
	GlobalSection(SolutionProperties) = preSolution
		HideSolutionNode = FALSE
	EndGlobalSection
	GlobalSection(ExtensibilityGlobals) = postSolution
		SolutionGuid = {2FAF3FA7-39EE-4B6D-BA37-4E84ED07A1CC}
	EndGlobalSection
EndGlobal
